{
  "requires": true,
  "lockfileVersion": 1,
  "dependencies": {
    "chart.js": {
      "version": "3.3.1",
      "resolved": "https://registry.npmjs.org/chart.js/-/chart.js-3.3.1.tgz",
      "integrity": "sha512-yApN5uxxHnzH3ohLe9ZfSqs8JBgrfpTRJcWBhkm0G0vZzSBc74X2LipOQ1h+w64/3rmUidQjOoUqRFNfkHxbcA=="
    }
  }
}
